
Microsoft Visual Studio Solution File, Format Version 12.00
# Visual Studio Version 16
VisualStudioVersion = 16.0.30523.141
MinimumVisualStudioVersion = 10.0.40219.1
Project("{8BC9CEB8-8B4A-11D0-8D11-00A0C91BC942}") = "digImg-Personal", "digImg-Personal.vcxproj", "{4D28C90C-0AA4-47ED-815F-1745C7763E04}"
EndProject
Global
	GlobalSection(SolutionConfigurationPlatforms) = preSolution
		Debug|x64 = Debug|x64
		Debug|x86 = Debug|x86
		Release|x64 = Release|x64
		Release|x86 = Release|x86
	EndGlobalSection
	GlobalSection(ProjectConfigurationPlatforms) = postSolution
		{4D28C90C-0AA4-47ED-815F-1745C7763E04}.Debug|x64.ActiveCfg = Debug|x64
		{4D28C90C-0AA4-47ED-815F-1745C7763E04}.Debug|x64.Build.0 = Debug|x64
		{4D28C90C-0AA4-47ED-815F-1745C7763E04}.Debug|x86.ActiveCfg = Debug|Win32
		{4D28C90C-0AA4-47ED-815F-1745C7763E04}.Debug|x86.Build.0 = Debug|Win32
		{4D28C90C-0AA4-47ED-815F-1745C7763E04}.Release|x64.ActiveCfg = Release|x64
		{4D28C90C-0AA4-47ED-815F-1745C7763E04}.Release|x64.Build.0 = Release|x64
		{4D28C90C-0AA4-47ED-815F-1745C7763E04}.Release|x86.ActiveCfg = Release|Win32
		{4D28C90C-0AA4-47ED-815F-1745C7763E04}.Release|x86.Build.0 = Release|Win32
	EndGlobalSection
	GlobalSection(SolutionProperties) = preSolution
		HideSolutionNode = FALSE
	EndGlobalSection
	GlobalSection(ExtensibilityGlobals) = postSolution
		SolutionGuid = {9A4928E3-719E-46BC-8C2D-057E21425CCA}
	EndGlobalSection
EndGlobal
